{
  "name": "glaurung",
  "version": "1.0.0",
  "lockfileVersion": 2,
  "requires": true,
  "packages": {
    "": {
      "name": "glaurung",
      "version": "1.0.0",
      "license": "ISC",
      "workspaces": [
        "api",
        "web"
      ]
    },
    "api": {
      "name": "@glaurung/api",
      "version": "0.0.0"
    },
    "node_modules/@glaurung/api": {
      "resolved": "api",
      "link": true
    },
    "node_modules/@glaurung/web": {
      "resolved": "web",
      "link": true
    },
    "web": {
      "name": "@glaurung/web",
      "version": "0.0.0"
    }
  },
  "dependencies": {
    "@glaurung/api": {
      "version": "file:api"
    },
    "@glaurung/web": {
      "version": "file:web"
    }
  }
}
